
Microsoft Visual Studio Solution File, Format Version 12.00
# Visual Studio 15
VisualStudioVersion = 15.0.27130.2027
MinimumVisualStudioVersion = 10.0.40219.1
Project("{2150E333-8FDC-42A3-9474-1A3956D46DE8}") = "OpenGLESApp1", "OpenGLESApp1", "{0927367A-5C58-44E4-A821-8E281BC85D97}"
EndProject
Project("{39E2626F-3545-4960-A6E8-258AD8476CE5}") = "OpenGLESApp1.Android.Packaging", "OpenGLESApp1\OpenGLESApp1.Android.Packaging\OpenGLESApp1.Android.Packaging.androidproj", "{510D5428-722F-49FB-94B3-D690A8819A19}"
EndProject
Project("{740547C8-F205-44CF-8284-0B59C7DD69BD}") = "OpenGLESApp1.iOS.Application", "OpenGLESApp1\OpenGLESApp1.iOS.Application\OpenGLESApp1.iOS.Application.xcodeproj\project.pbxproj", "{AB66133B-F705-4CFD-ADB2-1C6B25884490}"
EndProject
Project("{2150E333-8FDC-42A3-9474-1A3956D46DE8}") = "Libraries", "Libraries", "{381BDD47-460D-4D85-A28C-BA77F592D203}"
EndProject
Project("{8BC9CEB8-8B4A-11D0-8D11-00A0C91BC942}") = "OpenGLESApp1.Shared", "OpenGLESApp1\OpenGLESApp1.Shared\OpenGLESApp1.Shared.vcxitems", "{CC7FFEFD-10F2-45A8-BF80-56B69292A8FD}"
EndProject
Project("{8BC9CEB8-8B4A-11D0-8D11-00A0C91BC942}") = "OpenGLESApp1.Android.NativeActivity", "OpenGLESApp1\OpenGLESApp1.Android.NativeActivity\OpenGLESApp1.Android.NativeActivity.vcxproj", "{12CE3C9E-0E67-41C9-9E5E-71C39720A636}"
EndProject
Project("{8BC9CEB8-8B4A-11D0-8D11-00A0C91BC942}") = "OpenGLESApp1.iOS.StaticLibrary", "OpenGLESApp1\OpenGLESApp1.iOS.StaticLibrary\OpenGLESApp1.iOS.StaticLibrary.vcxproj", "{33862B1C-B2E7-4B69-BFE3-E4E2D9B31857}"
EndProject
Global
	GlobalSection(SharedMSBuildProjectFiles) = preSolution
		OpenGLESApp1\OpenGLESApp1.Shared\OpenGLESApp1.Shared.vcxitems*{12ce3c9e-0e67-41c9-9e5e-71c39720a636}*SharedItemsImports = 4
		OpenGLESApp1\OpenGLESApp1.Shared\OpenGLESApp1.Shared.vcxitems*{33862b1c-b2e7-4b69-bfe3-e4e2d9b31857}*SharedItemsImports = 4
		OpenGLESApp1\OpenGLESApp1.Shared\OpenGLESApp1.Shared.vcxitems*{cc7ffefd-10f2-45a8-bf80-56b69292a8fd}*SharedItemsImports = 9
	EndGlobalSection
	GlobalSection(SolutionConfigurationPlatforms) = preSolution
		Debug|ARM = Debug|ARM
		Debug|ARM64 = Debug|ARM64
		Debug|x64 = Debug|x64
		Debug|x86 = Debug|x86
		Release|ARM = Release|ARM
		Release|ARM64 = Release|ARM64
		Release|x64 = Release|x64
		Release|x86 = Release|x86
	EndGlobalSection
	GlobalSection(ProjectConfigurationPlatforms) = postSolution
		{510D5428-722F-49FB-94B3-D690A8819A19}.Debug|ARM.ActiveCfg = Debug|ARM
		{510D5428-722F-49FB-94B3-D690A8819A19}.Debug|ARM.Build.0 = Debug|ARM
		{510D5428-722F-49FB-94B3-D690A8819A19}.Debug|ARM.Deploy.0 = Debug|ARM
		{510D5428-722F-49FB-94B3-D690A8819A19}.Debug|ARM64.ActiveCfg = Debug|ARM64
		{510D5428-722F-49FB-94B3-D690A8819A19}.Debug|ARM64.Build.0 = Debug|ARM64
		{510D5428-722F-49FB-94B3-D690A8819A19}.Debug|ARM64.Deploy.0 = Debug|ARM64
		{510D5428-722F-49FB-94B3-D690A8819A19}.Debug|x64.ActiveCfg = Debug|x64
		{510D5428-722F-49FB-94B3-D690A8819A19}.Debug|x64.Build.0 = Debug|x64
		{510D5428-722F-49FB-94B3-D690A8819A19}.Debug|x64.Deploy.0 = Debug|x64
		{510D5428-722F-49FB-94B3-D690A8819A19}.Debug|x86.ActiveCfg = Debug|x86
		{510D5428-722F-49FB-94B3-D690A8819A19}.Debug|x86.Build.0 = Debug|x86
		{510D5428-722F-49FB-94B3-D690A8819A19}.Debug|x86.Deploy.0 = Debug|x86
		{510D5428-722F-49FB-94B3-D690A8819A19}.Release|ARM.ActiveCfg = Release|ARM
		{510D5428-722F-49FB-94B3-D690A8819A19}.Release|ARM.Build.0 = Release|ARM
		{510D5428-722F-49FB-94B3-D690A8819A19}.Release|ARM.Deploy.0 = Release|ARM
		{510D5428-722F-49FB-94B3-D690A8819A19}.Release|ARM64.ActiveCfg = Release|ARM64
		{510D5428-722F-49FB-94B3-D690A8819A19}.Release|ARM64.Build.0 = Release|ARM64
		{510D5428-722F-49FB-94B3-D690A8819A19}.Release|ARM64.Deploy.0 = Release|ARM64
		{510D5428-722F-49FB-94B3-D690A8819A19}.Release|x64.ActiveCfg = Release|x64
		{510D5428-722F-49FB-94B3-D690A8819A19}.Release|x64.Build.0 = Release|x64
		{510D5428-722F-49FB-94B3-D690A8819A19}.Release|x64.Deploy.0 = Release|x64
		{510D5428-722F-49FB-94B3-D690A8819A19}.Release|x86.ActiveCfg = Release|x86
		{510D5428-722F-49FB-94B3-D690A8819A19}.Release|x86.Build.0 = Release|x86
		{510D5428-722F-49FB-94B3-D690A8819A19}.Release|x86.Deploy.0 = Release|x86
		{AB66133B-F705-4CFD-ADB2-1C6B25884490}.Debug|ARM.ActiveCfg = Debug|ARM
		{AB66133B-F705-4CFD-ADB2-1C6B25884490}.Debug|ARM.Build.0 = Debug|ARM
		{AB66133B-F705-4CFD-ADB2-1C6B25884490}.Debug|ARM.Deploy.0 = Debug|ARM
		{AB66133B-F705-4CFD-ADB2-1C6B25884490}.Debug|ARM64.ActiveCfg = Debug|ARM64
		{AB66133B-F705-4CFD-ADB2-1C6B25884490}.Debug|ARM64.Build.0 = Debug|ARM64
		{AB66133B-F705-4CFD-ADB2-1C6B25884490}.Debug|ARM64.Deploy.0 = Debug|ARM64
		{AB66133B-F705-4CFD-ADB2-1C6B25884490}.Debug|x64.ActiveCfg = Debug|x64
		{AB66133B-F705-4CFD-ADB2-1C6B25884490}.Debug|x64.Build.0 = Debug|x64
		{AB66133B-F705-4CFD-ADB2-1C6B25884490}.Debug|x64.Deploy.0 = Debug|x64
		{AB66133B-F705-4CFD-ADB2-1C6B25884490}.Debug|x86.ActiveCfg = Debug|x86
		{AB66133B-F705-4CFD-ADB2-1C6B25884490}.Debug|x86.Build.0 = Debug|x86
		{AB66133B-F705-4CFD-ADB2-1C6B25884490}.Debug|x86.Deploy.0 = Debug|x86
		{AB66133B-F705-4CFD-ADB2-1C6B25884490}.Release|ARM.ActiveCfg = Release|ARM
		{AB66133B-F705-4CFD-ADB2-1C6B25884490}.Release|ARM.Build.0 = Release|ARM
		{AB66133B-F705-4CFD-ADB2-1C6B25884490}.Release|ARM.Deploy.0 = Release|ARM
		{AB66133B-F705-4CFD-ADB2-1C6B25884490}.Release|ARM64.ActiveCfg = Release|ARM64
		{AB66133B-F705-4CFD-ADB2-1C6B25884490}.Release|ARM64.Build.0 = Release|ARM64
		{AB66133B-F705-4CFD-ADB2-1C6B25884490}.Release|ARM64.Deploy.0 = Release|ARM64
		{AB66133B-F705-4CFD-ADB2-1C6B25884490}.Release|x64.ActiveCfg = Release|x64
		{AB66133B-F705-4CFD-ADB2-1C6B25884490}.Release|x64.Build.0 = Release|x64
		{AB66133B-F705-4CFD-ADB2-1C6B25884490}.Release|x64.Deploy.0 = Release|x64
		{AB66133B-F705-4CFD-ADB2-1C6B25884490}.Release|x86.ActiveCfg = Release|x86
		{AB66133B-F705-4CFD-ADB2-1C6B25884490}.Release|x86.Build.0 = Release|x86
		{AB66133B-F705-4CFD-ADB2-1C6B25884490}.Release|x86.Deploy.0 = Release|x86
		{12CE3C9E-0E67-41C9-9E5E-71C39720A636}.Debug|ARM.ActiveCfg = Debug|ARM
		{12CE3C9E-0E67-41C9-9E5E-71C39720A636}.Debug|ARM.Build.0 = Debug|ARM
		{12CE3C9E-0E67-41C9-9E5E-71C39720A636}.Debug|ARM64.ActiveCfg = Debug|ARM64
		{12CE3C9E-0E67-41C9-9E5E-71C39720A636}.Debug|ARM64.Build.0 = Debug|ARM64
		{12CE3C9E-0E67-41C9-9E5E-71C39720A636}.Debug|x64.ActiveCfg = Debug|x64
		{12CE3C9E-0E67-41C9-9E5E-71C39720A636}.Debug|x64.Build.0 = Debug|x64
		{12CE3C9E-0E67-41C9-9E5E-71C39720A636}.Debug|x86.ActiveCfg = Debug|x86
		{12CE3C9E-0E67-41C9-9E5E-71C39720A636}.Debug|x86.Build.0 = Debug|x86
		{12CE3C9E-0E67-41C9-9E5E-71C39720A636}.Release|ARM.ActiveCfg = Release|ARM
		{12CE3C9E-0E67-41C9-9E5E-71C39720A636}.Release|ARM.Build.0 = Release|ARM
		{12CE3C9E-0E67-41C9-9E5E-71C39720A636}.Release|ARM64.ActiveCfg = Release|ARM64
		{12CE3C9E-0E67-41C9-9E5E-71C39720A636}.Release|ARM64.Build.0 = Release|ARM64
		{12CE3C9E-0E67-41C9-9E5E-71C39720A636}.Release|x64.ActiveCfg = Release|x64
		{12CE3C9E-0E67-41C9-9E5E-71C39720A636}.Release|x64.Build.0 = Release|x64
		{12CE3C9E-0E67-41C9-9E5E-71C39720A636}.Release|x86.ActiveCfg = Release|x86
		{12CE3C9E-0E67-41C9-9E5E-71C39720A636}.Release|x86.Build.0 = Release|x86
		{33862B1C-B2E7-4B69-BFE3-E4E2D9B31857}.Debug|ARM.ActiveCfg = Debug|ARM
		{33862B1C-B2E7-4B69-BFE3-E4E2D9B31857}.Debug|ARM.Build.0 = Debug|ARM
		{33862B1C-B2E7-4B69-BFE3-E4E2D9B31857}.Debug|ARM64.ActiveCfg = Debug|ARM64
		{33862B1C-B2E7-4B69-BFE3-E4E2D9B31857}.Debug|ARM64.Build.0 = Debug|ARM64
		{33862B1C-B2E7-4B69-BFE3-E4E2D9B31857}.Debug|x64.ActiveCfg = Debug|x64
		{33862B1C-B2E7-4B69-BFE3-E4E2D9B31857}.Debug|x64.Build.0 = Debug|x64
		{33862B1C-B2E7-4B69-BFE3-E4E2D9B31857}.Debug|x86.ActiveCfg = Debug|x86
		{33862B1C-B2E7-4B69-BFE3-E4E2D9B31857}.Debug|x86.Build.0 = Debug|x86
		{33862B1C-B2E7-4B69-BFE3-E4E2D9B31857}.Release|ARM.ActiveCfg = Release|ARM
		{33862B1C-B2E7-4B69-BFE3-E4E2D9B31857}.Release|ARM.Build.0 = Release|ARM
		{33862B1C-B2E7-4B69-BFE3-E4E2D9B31857}.Release|ARM64.ActiveCfg = Release|ARM64
		{33862B1C-B2E7-4B69-BFE3-E4E2D9B31857}.Release|ARM64.Build.0 = Release|ARM64
		{33862B1C-B2E7-4B69-BFE3-E4E2D9B31857}.Release|x64.ActiveCfg = Release|x64
		{33862B1C-B2E7-4B69-BFE3-E4E2D9B31857}.Release|x64.Build.0 = Release|x64
		{33862B1C-B2E7-4B69-BFE3-E4E2D9B31857}.Release|x86.ActiveCfg = Release|x86
		{33862B1C-B2E7-4B69-BFE3-E4E2D9B31857}.Release|x86.Build.0 = Release|x86
	EndGlobalSection
	GlobalSection(SolutionProperties) = preSolution
		HideSolutionNode = FALSE
	EndGlobalSection
	GlobalSection(NestedProjects) = preSolution
		{510D5428-722F-49FB-94B3-D690A8819A19} = {0927367A-5C58-44E4-A821-8E281BC85D97}
		{AB66133B-F705-4CFD-ADB2-1C6B25884490} = {0927367A-5C58-44E4-A821-8E281BC85D97}
		{381BDD47-460D-4D85-A28C-BA77F592D203} = {0927367A-5C58-44E4-A821-8E281BC85D97}
		{CC7FFEFD-10F2-45A8-BF80-56B69292A8FD} = {381BDD47-460D-4D85-A28C-BA77F592D203}
		{12CE3C9E-0E67-41C9-9E5E-71C39720A636} = {381BDD47-460D-4D85-A28C-BA77F592D203}
		{33862B1C-B2E7-4B69-BFE3-E4E2D9B31857} = {381BDD47-460D-4D85-A28C-BA77F592D203}
	EndGlobalSection
	GlobalSection(ExtensibilityGlobals) = postSolution
		SolutionGuid = {4AD5FC62-B30B-4012-9852-6690126F212E}
	EndGlobalSection
EndGlobal
